
Microsoft Visual Studio Solution File, Format Version 12.00
# Visual Studio Version 17
VisualStudioVersion = 17.9.34622.214
MinimumVisualStudioVersion = 10.0.40219.1
Project("{9A19103F-16F7-4668-BE54-9A1E7A4F7556}") = "Equitel_JoseGabrielCamacho", "Equitel_JoseGabrielCamacho\Equitel_JoseGabrielCamacho.csproj", "{95087AE3-5EEF-4DDA-A910-774064336CB9}"
EndProject
Global
	GlobalSection(SolutionConfigurationPlatforms) = preSolution
		Debug|Any CPU = Debug|Any CPU
		Release|Any CPU = Release|Any CPU
	EndGlobalSection
	GlobalSection(ProjectConfigurationPlatforms) = postSolution
		{95087AE3-5EEF-4DDA-A910-774064336CB9}.Debug|Any CPU.ActiveCfg = Debug|Any CPU
		{95087AE3-5EEF-4DDA-A910-774064336CB9}.Debug|Any CPU.Build.0 = Debug|Any CPU
		{95087AE3-5EEF-4DDA-A910-774064336CB9}.Release|Any CPU.ActiveCfg = Release|Any CPU
		{95087AE3-5EEF-4DDA-A910-774064336CB9}.Release|Any CPU.Build.0 = Release|Any CPU
	EndGlobalSection
	GlobalSection(SolutionProperties) = preSolution
		HideSolutionNode = FALSE
	EndGlobalSection
	GlobalSection(ExtensibilityGlobals) = postSolution
		SolutionGuid = {11BC92BC-C22B-4D8F-95D7-5EB81A0F42CA}
	EndGlobalSection
EndGlobal
